
Microsoft Visual Studio Solution File, Format Version 12.00
Project("{FAE04EC0-301F-11D3-BF4B-00C04F79EFBC}") = "PaleRegentModV1", "PaleRegentModV1.csproj", "{A706ED02-FB28-4D63-B282-C399DD9CDBBF}"
EndProject
Global
	GlobalSection(SolutionConfigurationPlatforms) = preSolution
		Debug|Any CPU = Debug|Any CPU
		ExportDebug|Any CPU = ExportDebug|Any CPU
		ExportRelease|Any CPU = ExportRelease|Any CPU
	EndGlobalSection
	GlobalSection(ProjectConfigurationPlatforms) = postSolution
		{A706ED02-FB28-4D63-B282-C399DD9CDBBF}.Debug|Any CPU.ActiveCfg = Debug|Any CPU
		{A706ED02-FB28-4D63-B282-C399DD9CDBBF}.Debug|Any CPU.Build.0 = Debug|Any CPU
		{A706ED02-FB28-4D63-B282-C399DD9CDBBF}.ExportDebug|Any CPU.ActiveCfg = ExportDebug|Any CPU
		{A706ED02-FB28-4D63-B282-C399DD9CDBBF}.ExportDebug|Any CPU.Build.0 = ExportDebug|Any CPU
		{A706ED02-FB28-4D63-B282-C399DD9CDBBF}.ExportRelease|Any CPU.ActiveCfg = ExportRelease|Any CPU
		{A706ED02-FB28-4D63-B282-C399DD9CDBBF}.ExportRelease|Any CPU.Build.0 = ExportRelease|Any CPU
	EndGlobalSection
EndGlobal
